// !$*UTF8*$!
{
	archiveVersion = 1;
	classes = {
	};
	objectVersion = 50;
	objects = {

/* Begin PBXBuildFile section */
		4E67D5B4233CD665007207CC /* AppDelegate.swift in Sources */ = {isa = PBXBuildFile; fileRef = 4E67D5B3233CD665007207CC /* AppDelegate.swift */; };
		4E67D5B6233CD665007207CC /* SceneDelegate.swift in Sources */ = {isa = PBXBuildFile; fileRef = 4E67D5B5233CD665007207CC /* SceneDelegate.swift */; };
		4E67D5B8233CD665007207CC /* ViewController.swift in Sources */ = {isa = PBXBuildFile; fileRef = 4E67D5B7233CD665007207CC /* ViewController.swift */; };
		4E67D5BB233CD665007207CC /* Main.storyboard in Resources */ = {isa = PBXBuildFile; fileRef = 4E67D5B9233CD665007207CC /* Main.storyboard */; };
		4E67D5BD233CD666007207CC /* Assets.xcassets in Resources */ = {isa = PBXBuildFile; fileRef = 4E67D5BC233CD666007207CC /* Assets.xcassets */; };
		4E67D5C0233CD666007207CC /* LaunchScreen.storyboard in Resources */ = {isa = PBXBuildFile; fileRef = 4E67D5BE233CD666007207CC /* LaunchScreen.storyboard */; };
		4E67D5CB233CD666007207CC /* calcuTests.swift in Sources */ = {isa = PBXBuildFile; fileRef = 4E67D5CA233CD666007207CC /* calcuTests.swift */; };
		4E67D5D6233CD666007207CC /* calcuUITests.swift in Sources */ = {isa = PBXBuildFile; fileRef = 4E67D5D5233CD666007207CC /* calcuUITests.swift */; };
/* End PBXBuildFile section */

/* Begin PBXContainerItemProxy section */
		4E67D5C7233CD666007207CC /* PBXContainerItemProxy */ = {
			isa = PBXContainerItemProxy;
			containerPortal = 4E67D5A8233CD665007207CC /* Project object */;
			proxyType = 1;
			remoteGlobalIDString = 4E67D5AF233CD665007207CC;
			remoteInfo = calcu;
		};
		4E67D5D2233CD666007207CC /* PBXContainerItemProxy */ = {
			isa = PBXContainerItemProxy;
			containerPortal = 4E67D5A8233CD665007207CC /* Project object */;
			proxyType = 1;
			remoteGlobalIDString = 4E67D5AF233CD665007207CC;
			remoteInfo = calcu;
		};
/* End PBXContainerItemProxy section */

/* Begin PBXFileReference section */
		4E67D5B0233CD665007207CC /* calcu.app */ = {isa = PBXFileReference; explicitFileType = wrapper.application; includeInIndex = 0; path = calcu.app; sourceTree = BUILT_PRODUCTS_DIR; };
		4E67D5B3233CD665007207CC /* AppDelegate.swift */ = {isa = PBXFileReference; lastKnownFileType = sourcecode.swift; path = AppDelegate.swift; sourceTree = "<group>"; };
		4E67D5B5233CD665007207CC /* SceneDelegate.swift */ = {isa = PBXFileReference; lastKnownFileType = sourcecode.swift; path = SceneDelegate.swift; sourceTree = "<group>"; };
		4E67D5B7233CD665007207CC /* ViewController.swift */ = {isa = PBXFileReference; lastKnownFileType = sourcecode.swift; path = ViewController.swift; sourceTree = "<group>"; };
		4E67D5BA233CD665007207CC /* Base */ = {isa = PBXFileReference; lastKnownFileType = file.storyboard; name = Base; path = Base.lproj/Main.storyboard; sourceTree = "<group>"; };
		4E67D5BC233CD666007207CC /* Assets.xcassets */ = {isa = PBXFileReference; lastKnownFileType = folder.assetcatalog; path = Assets.xcassets; sourceTree = "<group>"; };
		4E67D5BF233CD666007207CC /* Base */ = {isa = PBXFileReference; lastKnownFileType = file.storyboard; name = Base; path = Base.lproj/LaunchScreen.storyboard; sourceTree = "<group>"; };
		4E67D5C1233CD666007207CC /* Info.plist */ = {isa = PBXFileReference; lastKnownFileType = text.plist.xml; path = Info.plist; sourceTree = "<group>"; };
		4E67D5C6233CD666007207CC /* calcuTests.xctest */ = {isa = PBXFileReference; explicitFileType = wrapper.cfbundle; includeInIndex = 0; path = calcuTests.xctest; sourceTree = BUILT_PRODUCTS_DIR; };
		4E67D5CA233CD666007207CC /* calcuTests.swift */ = {isa = PBXFileReference; lastKnownFileType = sourcecode.swift; path = calcuTests.swift; sourceTree = "<group>"; };
		4E67D5CC233CD666007207CC /* Info.plist */ = {isa = PBXFileReference; lastKnownFileType = text.plist.xml; path = Info.plist; sourceTree = "<group>"; };
		4E67D5D1233CD666007207CC /* calcuUITests.xctest */ = {isa = PBXFileReference; explicitFileType = wrapper.cfbundle; includeInIndex = 0; path = calcuUITests.xctest; sourceTree = BUILT_PRODUCTS_DIR; };
		4E67D5D5233CD666007207CC /* calcuUITests.swift */ = {isa = PBXFileReference; lastKnownFileType = sourcecode.swift; path = calcuUITests.swift; sourceTree = "<group>"; };
		4E67D5D7233CD666007207CC /* Info.plist */ = {isa = PBXFileReference; lastKnownFileType = text.plist.xml; path = Info.plist; sourceTree = "<group>"; };
/* End PBXFileReference section */

/* Begin PBXFrameworksBuildPhase section */
		4E67D5AD233CD665007207CC /* Frameworks */ = {
			isa = PBXFrameworksBuildPhase;
			buildActionMask = 2147483647;
			files = (
			);
			runOnlyForDeploymentPostprocessing = 0;
		};
		4E67D5C3233CD666007207CC /* Frameworks */ = {
			isa = PBXFrameworksBuildPhase;
			buildActionMask = 2147483647;
			files = (
			);
			runOnlyForDeploymentPostprocessing = 0;
		};
		4E67D5CE233CD666007207CC /* Frameworks */ = {
			isa = PBXFrameworksBuildPhase;
			buildActionMask = 2147483647;
			files = (
			);
			runOnlyForDeploymentPostprocessing = 0;
		};
/* End PBXFrameworksBuildPhase section */

/* Begin PBXGroup section */
		4E67D5A7233CD665007207CC = {
			isa = PBXGroup;
			children = (
				4E67D5B2233CD665007207CC /* calcu */,
				4E67D5C9233CD666007207CC /* calcuTests */,
				4E67D5D4233CD666007207CC /* calcuUITests */,
				4E67D5B1233CD665007207CC /* Products */,
			);
			sourceTree = "<group>";
		};
		4E67D5B1233CD665007207CC /* Products */ = {
			isa = PBXGroup;
			children = (
				4E67D5B0233CD665007207CC /* calcu.app */,
				4E67D5C6233CD666007207CC /* calcuTests.xctest */,
				4E67D5D1233CD666007207CC /* calcuUITests.xctest */,
			);
			name = Products;
			sourceTree = "<group>";
		};
		4E67D5B2233CD665007207CC /* calcu */ = {
			isa = PBXGroup;
			children = (
				4E67D5B3233CD665007207CC /* AppDelegate.swift */,
				4E67D5B5233CD665007207CC /* SceneDelegate.swift */,
				4E67D5B7233CD665007207CC /* ViewController.swift */,
				4E67D5B9233CD665007207CC /* Main.storyboard */,
				4E67D5BC233CD666007207CC /* Assets.xcassets */,
				4E67D5BE233CD666007207CC /* LaunchScreen.storyboard */,
				4E67D5C1233CD666007207CC /* Info.plist */,
			);
			path = calcu;
			sourceTree = "<group>";
		};
		4E67D5C9233CD666007207CC /* calcuTests */ = {
			isa = PBXGroup;
			children = (
				4E67D5CA233CD666007207CC /* calcuTests.swift */,
				4E67D5CC233CD666007207CC /* Info.plist */,
			);
			path = calcuTests;
			sourceTree = "<group>";
		};
		4E67D5D4233CD666007207CC /* calcuUITests */ = {
			isa = PBXGroup;
			children = (
				4E67D5D5233CD666007207CC /* calcuUITests.swift */,
				4E67D5D7233CD666007207CC /* Info.plist */,
			);
			path = calcuUITests;
			sourceTree = "<group>";
		};
/* End PBXGroup section */

/* Begin PBXNativeTarget section */
		4E67D5AF233CD665007207CC /* calcu */ = {
			isa = PBXNativeTarget;
			buildConfigurationList = 4E67D5DA233CD666007207CC /* Build configuration list for PBXNativeTarget "calcu" */;
			buildPhases = (
				4E67D5AC233CD665007207CC /* Sources */,
				4E67D5AD233CD665007207CC /* Frameworks */,
				4E67D5AE233CD665007207CC /* Resources */,
			);
			buildRules = (
			);
			dependencies = (
			);
			name = calcu;
			productName = calcu;
			productReference = 4E67D5B0233CD665007207CC /* calcu.app */;
			productType = "com.apple.product-type.application";
		};
		4E67D5C5233CD666007207CC /* calcuTests */ = {
			isa = PBXNativeTarget;
			buildConfigurationList = 4E67D5DD233CD666007207CC /* Build configuration list for PBXNativeTarget "calcuTests" */;
			buildPhases = (
				4E67D5C2233CD666007207CC /* Sources */,
				4E67D5C3233CD666007207CC /* Frameworks */,
				4E67D5C4233CD666007207CC /* Resources */,
			);
			buildRules = (
			);
			dependencies = (
				4E67D5C8233CD666007207CC /* PBXTargetDependency */,
			);
			name = calcuTests;
			productName = calcuTests;
			productReference = 4E67D5C6233CD666007207CC /* calcuTests.xctest */;
			productType = "com.apple.product-type.bundle.unit-test";
		};
		4E67D5D0233CD666007207CC /* calcuUITests */ = {
			isa = PBXNativeTarget;
			buildConfigurationList = 4E67D5E0233CD666007207CC /* Build configuration list for PBXNativeTarget "calcuUITests" */;
			buildPhases = (
				4E67D5CD233CD666007207CC /* Sources */,
				4E67D5CE233CD666007207CC /* Frameworks */,
				4E67D5CF233CD666007207CC /* Resources */,
			);
			buildRules = (
			);
			dependencies = (
				4E67D5D3233CD666007207CC /* PBXTargetDependency */,
			);
			name = calcuUITests;
			productName = calcuUITests;
			productReference = 4E67D5D1233CD666007207CC /* calcuUITests.xctest */;
			productType = "com.apple.product-type.bundle.ui-testing";
		};
/* End PBXNativeTarget section */

/* Begin PBXProject section */
		4E67D5A8233CD665007207CC /* Project object */ = {
			isa = PBXProject;
			attributes = {
				LastSwiftUpdateCheck = 1100;
				LastUpgradeCheck = 1100;
				ORGANIZATIONNAME = Xiaoyu;
				TargetAttributes = {
					4E67D5AF233CD665007207CC = {
						CreatedOnToolsVersion = 11.0;
					};
					4E67D5C5233CD666007207CC = {
						CreatedOnToolsVersion = 11.0;
						TestTargetID = 4E67D5AF233CD665007207CC;
					};
					4E67D5D0233CD666007207CC = {
						CreatedOnToolsVersion = 11.0;
						TestTargetID = 4E67D5AF233CD665007207CC;
					};
				};
			};
			buildConfigurationList = 4E67D5AB233CD665007207CC /* Build configuration list for PBXProject "calcu" */;
			compatibilityVersion = "Xcode 9.3";
			developmentRegion = en;
			hasScannedForEncodings = 0;
			knownRegions = (
				en,
				Base,
			);
			mainGroup = 4E67D5A7233CD665007207CC;
			productRefGroup = 4E67D5B1233CD665007207CC /* Products */;
			projectDirPath = "";
			projectRoot = "";
			targets = (
				4E67D5AF233CD665007207CC /* calcu */,
				4E67D5C5233CD666007207CC /* calcuTests */,
				4E67D5D0233CD666007207CC /* calcuUITests */,
			);
		};
/* End PBXProject section */

/* Begin PBXResourcesBuildPhase section */
		4E67D5AE233CD665007207CC /* Resources */ = {
			isa = PBXResourcesBuildPhase;
			buildActionMask = 2147483647;
			files = (
				4E67D5C0233CD666007207CC /* LaunchScreen.storyboard in Resources */,
				4E67D5BD233CD666007207CC /* Assets.xcassets in Resources */,
				4E67D5BB233CD665007207CC /* Main.storyboard in Resources */,
			);
			runOnlyForDeploymentPostprocessing = 0;
		};
		4E67D5C4233CD666007207CC /* Resources */ = {
			isa = PBXResourcesBuildPhase;
			buildActionMask = 2147483647;
			files = (
			);
			runOnlyForDeploymentPostprocessing = 0;
		};
		4E67D5CF233CD666007207CC /* Resources */ = {
			isa = PBXResourcesBuildPhase;
			buildActionMask = 2147483647;
			files = (
			);
			runOnlyForDeploymentPostprocessing = 0;
		};
/* End PBXResourcesBuildPhase section */

/* Begin PBXSourcesBuildPhase section */
		4E67D5AC233CD665007207CC /* Sources */ = {
			isa = PBXSourcesBuildPhase;
			buildActionMask = 2147483647;
			files = (
				4E67D5B8233CD665007207CC /* ViewController.swift in Sources */,
				4E67D5B4233CD665007207CC /* AppDelegate.swift in Sources */,
				4E67D5B6233CD665007207CC /* SceneDelegate.swift in Sources */,
			);
			runOnlyForDeploymentPostprocessing = 0;
		};
		4E67D5C2233CD666007207CC /* Sources */ = {
			isa = PBXSourcesBuildPhase;
			buildActionMask = 2147483647;
			files = (
				4E67D5CB233CD666007207CC /* calcuTests.swift in Sources */,
			);
			runOnlyForDeploymentPostprocessing = 0;
		};
		4E67D5CD233CD666007207CC /* Sources */ = {
			isa = PBXSourcesBuildPhase;
			buildActionMask = 2147483647;
			files = (
				4E67D5D6233CD666007207CC /* calcuUITests.swift in Sources */,
			);
			runOnlyForDeploymentPostprocessing = 0;
		};
/* End PBXSourcesBuildPhase section */

/* Begin PBXTargetDependency section */
		4E67D5C8233CD666007207CC /* PBXTargetDependency */ = {
			isa = PBXTargetDependency;
			target = 4E67D5AF233CD665007207CC /* calcu */;
			targetProxy = 4E67D5C7233CD666007207CC /* PBXContainerItemProxy */;
		};
		4E67D5D3233CD666007207CC /* PBXTargetDependency */ = {
			isa = PBXTargetDependency;
			target = 4E67D5AF233CD665007207CC /* calcu */;
			targetProxy = 4E67D5D2233CD666007207CC /* PBXContainerItemProxy */;
		};
/* End PBXTargetDependency section */

/* Begin PBXVariantGroup section */
		4E67D5B9233CD665007207CC /* Main.storyboard */ = {
			isa = PBXVariantGroup;
			children = (
				4E67D5BA233CD665007207CC /* Base */,
			);
			name = Main.storyboard;
			sourceTree = "<group>";
		};
		4E67D5BE233CD666007207CC /* LaunchScreen.storyboard */ = {
			isa = PBXVariantGroup;
			children = (
				4E67D5BF233CD666007207CC /* Base */,
			);
			name = LaunchScreen.storyboard;
			sourceTree = "<group>";
		};
/* End PBXVariantGroup section */

/* Begin XCBuildConfiguration section */
		4E67D5D8233CD666007207CC /* Debug */ = {
			isa = XCBuildConfiguration;
			buildSettings = {
				ALWAYS_SEARCH_USER_PATHS = NO;
				CLANG_ANALYZER_NONNULL = YES;
				CLANG_ANALYZER_NUMBER_OBJECT_CONVERSION = YES_AGGRESSIVE;
				CLANG_CXX_LANGUAGE_STANDARD = "gnu++14";
				CLANG_CXX_LIBRARY = "libc++";
				CLANG_ENABLE_MODULES = YES;
				CLANG_ENABLE_OBJC_ARC = YES;
				CLANG_ENABLE_OBJC_WEAK = YES;
				CLANG_WARN_BLOCK_CAPTURE_AUTORELEASING = YES;
				CLANG_WARN_BOOL_CONVERSION = YES;
				CLANG_WARN_COMMA = YES;
				CLANG_WARN_CONSTANT_CONVERSION = YES;
				CLANG_WARN_DEPRECATED_OBJC_IMPLEMENTATIONS = YES;
				CLANG_WARN_DIRECT_OBJC_ISA_USAGE = YES_ERROR;
				CLANG_WARN_DOCUMENTATION_COMMENTS = YES;
				CLANG_WARN_EMPTY_BODY = YES;
				CLANG_WARN_ENUM_CONVERSION = YES;
				CLANG_WARN_INFINITE_RECURSION = YES;
				CLANG_WARN_INT_CONVERSION = YES;
				CLANG_WARN_NON_LITERAL_NULL_CONVERSION = YES;
				CLANG_WARN_OBJC_IMPLICIT_RETAIN_SELF = YES;
				CLANG_WARN_OBJC_LITERAL_CONVERSION = YES;
				CLANG_WARN_OBJC_ROOT_CLASS = YES_ERROR;
				CLANG_WARN_RANGE_LOOP_ANALYSIS = YES;
				CLANG_WARN_STRICT_PROTOTYPES = YES;
				CLANG_WARN_SUSPICIOUS_MOVE = YES;
				CLANG_WARN_UNGUARDED_AVAILABILITY = YES_AGGRESSIVE;
				CLANG_WARN_UNREACHABLE_CODE = YES;
				CLANG_WARN__DUPLICATE_METHOD_MATCH = YES;
				COPY_PHASE_STRIP = NO;
				DEBUG_INFORMATION_FORMAT = dwarf;
				ENABLE_STRICT_OBJC_MSGSEND = YES;
				ENABLE_TESTABILITY = YES;
				GCC_C_LANGUAGE_STANDARD = gnu11;
				GCC_DYNAMIC_NO_PIC = NO;
				GCC_NO_COMMON_BLOCKS = YES;
				GCC_OPTIMIZATION_LEVEL = 0;
				GCC_PREPROCESSOR_DEFINITIONS = (
					"DEBUG=1",
					"$(inherited)",
				);
				GCC_WARN_64_TO_32_BIT_CONVERSION = YES;
				GCC_WARN_ABOUT_RETURN_TYPE = YES_ERROR;
				GCC_WARN_UNDECLARED_SELECTOR = YES;
				GCC_WARN_UNINITIALIZED_AUTOS = YES_AGGRESSIVE;
				GCC_WARN_UNUSED_FUNCTION = YES;
				GCC_WARN_UNUSED_VARIABLE = YES;
				IPHONEOS_DEPLOYMENT_TARGET = 13.0;
				MTL_ENABLE_DEBUG_INFO = INCLUDE_SOURCE;
				MTL_FAST_MATH = YES;
				ONLY_ACTIVE_ARCH = YES;
				SDKROOT = iphoneos;
				SWIFT_ACTIVE_COMPILATION_CONDITIONS = DEBUG;
				SWIFT_OPTIMIZATION_LEVEL = "-Onone";
			};
			name = Debug;
		};
		4E67D5D9233CD666007207CC /* Release */ = {
			isa = XCBuildConfiguration;
			buildSettings = {
				ALWAYS_SEARCH_USER_PATHS = NO;
				CLANG_ANALYZER_NONNULL = YES;
				CLANG_ANALYZER_NUMBER_OBJECT_CONVERSION = YES_AGGRESSIVE;
				CLANG_CXX_LANGUAGE_STANDARD = "gnu++14";
				CLANG_CXX_LIBRARY = "libc++";
				CLANG_ENABLE_MODULES = YES;
				CLANG_ENABLE_OBJC_ARC = YES;
				CLANG_ENABLE_OBJC_WEAK = YES;
				CLANG_WARN_BLOCK_CAPTURE_AUTORELEASING = YES;
				CLANG_WARN_BOOL_CONVERSION = YES;
				CLANG_WARN_COMMA = YES;
				CLANG_WARN_CONSTANT_CONVERSION = YES;
				CLANG_WARN_DEPRECATED_OBJC_IMPLEMENTATIONS = YES;
				CLANG_WARN_DIRECT_OBJC_ISA_USAGE = YES_ERROR;
				CLANG_WARN_DOCUMENTATION_COMMENTS = YES;
				CLANG_WARN_EMPTY_BODY = YES;
				CLANG_WARN_ENUM_CONVERSION = YES;
				CLANG_WARN_INFINITE_RECURSION = YES;
				CLANG_WARN_INT_CONVERSION = YES;
				CLANG_WARN_NON_LITERAL_NULL_CONVERSION = YES;
				CLANG_WARN_OBJC_IMPLICIT_RETAIN_SELF = YES;
				CLANG_WARN_OBJC_LITERAL_CONVERSION = YES;
				CLANG_WARN_OBJC_ROOT_CLASS = YES_ERROR;
				CLANG_WARN_RANGE_LOOP_ANALYSIS = YES;
				CLANG_WARN_STRICT_PROTOTYPES = YES;
				CLANG_WARN_SUSPICIOUS_MOVE = YES;
				CLANG_WARN_UNGUARDED_AVAILABILITY = YES_AGGRESSIVE;
				CLANG_WARN_UNREACHABLE_CODE = YES;
				CLANG_WARN__DUPLICATE_METHOD_MATCH = YES;
				COPY_PHASE_STRIP = NO;
				DEBUG_INFORMATION_FORMAT = "dwarf-with-dsym";
				ENABLE_NS_ASSERTIONS = NO;
				ENABLE_STRICT_OBJC_MSGSEND = YES;
				GCC_C_LANGUAGE_STANDARD = gnu11;
				GCC_NO_COMMON_BLOCKS = YES;
				GCC_WARN_64_TO_32_BIT_CONVERSION = YES;
				GCC_WARN_ABOUT_RETURN_TYPE = YES_ERROR;
				GCC_WARN_UNDECLARED_SELECTOR = YES;
				GCC_WARN_UNINITIALIZED_AUTOS = YES_AGGRESSIVE;
				GCC_WARN_UNUSED_FUNCTION = YES;
				GCC_WARN_UNUSED_VARIABLE = YES;
				IPHONEOS_DEPLOYMENT_TARGET = 13.0;
				MTL_ENABLE_DEBUG_INFO = NO;
				MTL_FAST_MATH = YES;
				SDKROOT = iphoneos;
				SWIFT_COMPILATION_MODE = wholemodule;
				SWIFT_OPTIMIZATION_LEVEL = "-O";
				VALIDATE_PRODUCT = YES;
			};
			name = Release;
		};
		4E67D5DB233CD666007207CC /* Debug */ = {
			isa = XCBuildConfiguration;
			buildSettings = {
				ASSETCATALOG_COMPILER_APPICON_NAME = AppIcon;
				CODE_SIGN_STYLE = Automatic;
				INFOPLIST_FILE = calcu/Info.plist;
				LD_RUNPATH_SEARCH_PATHS = (
					"$(inherited)",
					"@executable_path/Frameworks",
				);
				PRODUCT_BUNDLE_IDENTIFIER = Assignment.calcu;
				PRODUCT_NAME = "$(TARGET_NAME)";
				SWIFT_VERSION = 5.0;
				TARGETED_DEVICE_FAMILY = "1,2";
			};
			name = Debug;
		};
		4E67D5DC233CD666007207CC /* Release */ = {
			isa = XCBuildConfiguration;
			buildSettings = {
				ASSETCATALOG_COMPILER_APPICON_NAME = AppIcon;
				CODE_SIGN_STYLE = Automatic;
				INFOPLIST_FILE = calcu/Info.plist;
				LD_RUNPATH_SEARCH_PATHS = (
					"$(inherited)",
					"@executable_path/Frameworks",
				);
				PRODUCT_BUNDLE_IDENTIFIER = Assignment.calcu;
				PRODUCT_NAME = "$(TARGET_NAME)";
				SWIFT_VERSION = 5.0;
				TARGETED_DEVICE_FAMILY = "1,2";
			};
			name = Release;
		};
		4E67D5DE233CD666007207CC /* Debug */ = {
			isa = XCBuildConfiguration;
			buildSettings = {
				ALWAYS_EMBED_SWIFT_STANDARD_LIBRARIES = YES;
				BUNDLE_LOADER = "$(TEST_HOST)";
				CODE_SIGN_STYLE = Automatic;
				INFOPLIST_FILE = calcuTests/Info.plist;
				IPHONEOS_DEPLOYMENT_TARGET = 13.0;
				LD_RUNPATH_SEARCH_PATHS = (
					"$(inherited)",
					"@executable_path/Frameworks",
					"@loader_path/Frameworks",
				);
				PRODUCT_BUNDLE_IDENTIFIER = Assignment.calcuTests;
				PRODUCT_NAME = "$(TARGET_NAME)";
				SWIFT_VERSION = 5.0;
				TARGETED_DEVICE_FAMILY = "1,2";
				TEST_HOST = "$(BUILT_PRODUCTS_DIR)/calcu.app/calcu";
			};
			name = Debug;
		};
		4E67D5DF233CD666007207CC /* Release */ = {
			isa = XCBuildConfiguration;
			buildSettings = {
				ALWAYS_EMBED_SWIFT_STANDARD_LIBRARIES = YES;
				BUNDLE_LOADER = "$(TEST_HOST)";
				CODE_SIGN_STYLE = Automatic;
				INFOPLIST_FILE = calcuTests/Info.plist;
				IPHONEOS_DEPLOYMENT_TARGET = 13.0;
				LD_RUNPATH_SEARCH_PATHS = (
					"$(inherited)",
					"@executable_path/Frameworks",
					"@loader_path/Frameworks",
				);
				PRODUCT_BUNDLE_IDENTIFIER = Assignment.calcuTests;
				PRODUCT_NAME = "$(TARGET_NAME)";
				SWIFT_VERSION = 5.0;
				TARGETED_DEVICE_FAMILY = "1,2";
				TEST_HOST = "$(BUILT_PRODUCTS_DIR)/calcu.app/calcu";
			};
			name = Release;
		};
		4E67D5E1233CD666007207CC /* Debug */ = {
			isa = XCBuildConfiguration;
			buildSettings = {
				ALWAYS_EMBED_SWIFT_STANDARD_LIBRARIES = YES;
				CODE_SIGN_STYLE = Automatic;
				INFOPLIST_FILE = calcuUITests/Info.plist;
				LD_RUNPATH_SEARCH_PATHS = (
					"$(inherited)",
					"@executable_path/Frameworks",
					"@loader_path/Frameworks",
				);
				PRODUCT_BUNDLE_IDENTIFIER = Assignment.calcuUITests;
				PRODUCT_NAME = "$(TARGET_NAME)";
				SWIFT_VERSION = 5.0;
				TARGETED_DEVICE_FAMILY = "1,2";
				TEST_TARGET_NAME = calcu;
			};
			name = Debug;
		};
		4E67D5E2233CD666007207CC /* Release */ = {
			isa = XCBuildConfiguration;
			buildSettings = {
				ALWAYS_EMBED_SWIFT_STANDARD_LIBRARIES = YES;
				CODE_SIGN_STYLE = Automatic;
				INFOPLIST_FILE = calcuUITests/Info.plist;
				LD_RUNPATH_SEARCH_PATHS = (
					"$(inherited)",
					"@executable_path/Frameworks",
					"@loader_path/Frameworks",
				);
				PRODUCT_BUNDLE_IDENTIFIER = Assignment.calcuUITests;
				PRODUCT_NAME = "$(TARGET_NAME)";
				SWIFT_VERSION = 5.0;
				TARGETED_DEVICE_FAMILY = "1,2";
				TEST_TARGET_NAME = calcu;
			};
			name = Release;
		};
/* End XCBuildConfiguration section */

/* Begin XCConfigurationList section */
		4E67D5AB233CD665007207CC /* Build configuration list for PBXProject "calcu" */ = {
			isa = XCConfigurationList;
			buildConfigurations = (
				4E67D5D8233CD666007207CC /* Debug */,
				4E67D5D9233CD666007207CC /* Release */,
			);
			defaultConfigurationIsVisible = 0;
			defaultConfigurationName = Release;
		};
		4E67D5DA233CD666007207CC /* Build configuration list for PBXNativeTarget "calcu" */ = {
			isa = XCConfigurationList;
			buildConfigurations = (
				4E67D5DB233CD666007207CC /* Debug */,
				4E67D5DC233CD666007207CC /* Release */,
			);
			defaultConfigurationIsVisible = 0;
			defaultConfigurationName = Release;
		};
		4E67D5DD233CD666007207CC /* Build configuration list for PBXNativeTarget "calcuTests" */ = {
			isa = XCConfigurationList;
			buildConfigurations = (
				4E67D5DE233CD666007207CC /* Debug */,
				4E67D5DF233CD666007207CC /* Release */,
			);
			defaultConfigurationIsVisible = 0;
			defaultConfigurationName = Release;
		};
		4E67D5E0233CD666007207CC /* Build configuration list for PBXNativeTarget "calcuUITests" */ = {
			isa = XCConfigurationList;
			buildConfigurations = (
				4E67D5E1233CD666007207CC /* Debug */,
				4E67D5E2233CD666007207CC /* Release */,
			);
			defaultConfigurationIsVisible = 0;
			defaultConfigurationName = Release;
		};
/* End XCConfigurationList section */
	};
	rootObject = 4E67D5A8233CD665007207CC /* Project object */;
}
